
Microsoft Visual Studio Solution File, Format Version 12.00
# Visual Studio 15
VisualStudioVersion = 15.0.28307.136
MinimumVisualStudioVersion = 10.0.40219.1
Project("{9A19103F-16F7-4668-BE54-9A1E7A4F7556}") = "Firma.PortalWWW", "Firma.PortalWWW\Firma.PortalWWW.csproj", "{7B17803C-07AC-4932-A939-17F5421EED6E}"
EndProject
Project("{9A19103F-16F7-4668-BE54-9A1E7A4F7556}") = "Firma.Intranet", "Firma.Intranet\Firma.Intranet.csproj", "{9A1DF167-D5DC-4871-BF41-25659653B066}"
EndProject
Project("{FAE04EC0-301F-11D3-BF4B-00C04F79EFBC}") = "Firma.Data", "Firma.Data\Firma.Data.csproj", "{ED9B05F7-F021-412F-982B-79347F237619}"
EndProject
Global
	GlobalSection(SolutionConfigurationPlatforms) = preSolution
		Debug|Any CPU = Debug|Any CPU
		Release|Any CPU = Release|Any CPU
	EndGlobalSection
	GlobalSection(ProjectConfigurationPlatforms) = postSolution
		{7B17803C-07AC-4932-A939-17F5421EED6E}.Debug|Any CPU.ActiveCfg = Debug|Any CPU
		{7B17803C-07AC-4932-A939-17F5421EED6E}.Debug|Any CPU.Build.0 = Debug|Any CPU
		{7B17803C-07AC-4932-A939-17F5421EED6E}.Release|Any CPU.ActiveCfg = Release|Any CPU
		{7B17803C-07AC-4932-A939-17F5421EED6E}.Release|Any CPU.Build.0 = Release|Any CPU
		{9A1DF167-D5DC-4871-BF41-25659653B066}.Debug|Any CPU.ActiveCfg = Debug|Any CPU
		{9A1DF167-D5DC-4871-BF41-25659653B066}.Debug|Any CPU.Build.0 = Debug|Any CPU
		{9A1DF167-D5DC-4871-BF41-25659653B066}.Release|Any CPU.ActiveCfg = Release|Any CPU
		{9A1DF167-D5DC-4871-BF41-25659653B066}.Release|Any CPU.Build.0 = Release|Any CPU
		{ED9B05F7-F021-412F-982B-79347F237619}.Debug|Any CPU.ActiveCfg = Debug|Any CPU
		{ED9B05F7-F021-412F-982B-79347F237619}.Debug|Any CPU.Build.0 = Debug|Any CPU
		{ED9B05F7-F021-412F-982B-79347F237619}.Release|Any CPU.ActiveCfg = Release|Any CPU
		{ED9B05F7-F021-412F-982B-79347F237619}.Release|Any CPU.Build.0 = Release|Any CPU
	EndGlobalSection
	GlobalSection(SolutionProperties) = preSolution
		HideSolutionNode = FALSE
	EndGlobalSection
	GlobalSection(ExtensibilityGlobals) = postSolution
		SolutionGuid = {C73D850A-BB1E-407F-BA46-8AA328DC129D}
	EndGlobalSection
EndGlobal
